hash: 0dd74d24b54e4d6096e6e3581a097169673fe7454043a58ca24d6bc377f3e2d8
updated: 2018-04-11T11:28:48.356898953+08:00
imports:
- name: github.com/adamzy/cedar-go
  version: 80a9c64b256db37ac20aff007907c649afb714f1
- name: github.com/astaxie/beego
  version: bf5c5626ab429e66d88602e1ab1ab5fbf4629a01
  subpackages:
  - config
  - context
  - context/param
  - grace
  - logs
  - orm
  - session
  - toolbox
  - utils
- name: github.com/blevesearch/bleve
  version: 1a319cdf5bf77dc8cee35a6b99f908792c2547ef
  subpackages:
  - analysis
  - analysis/analyzer/standard
  - analysis/datetime/flexible
  - analysis/datetime/optional
  - analysis/lang/en
  - analysis/token/lowercase
  - analysis/token/porter
  - analysis/token/stop
  - analysis/tokenizer/unicode
  - document
  - geo
  - index
  - index/scorch
  - index/scorch/mergeplan
  - index/scorch/segment
  - index/scorch/segment/mem
  - index/scorch/segment/zap
  - index/store
  - index/store/boltdb
  - index/store/gtreap
  - index/upsidedown
  - mapping
  - numeric
  - registry
  - search
  - search/collector
  - search/facet
  - search/highlight
  - search/highlight/format/html
  - search/highlight/fragmenter/simple
  - search/highlight/highlighter/html
  - search/highlight/highlighter/simple
  - search/query
  - search/scorer
  - search/searcher
- name: github.com/blevesearch/go-porterstemmer
  version: 23a2c8e5cf1f380f27722c6d2ae8896431dc7d0e
  repo: https://github.com/blevesearch/go-porterstemmer
- name: github.com/blevesearch/segment
  version: db70c57796cc8c310613541dfade3dce627d09c7
  repo: https://github.com/blevesearch/segment
- name: github.com/boltdb/bolt
  version: 9da31745363232bc1e27dbab3569e77383a51585
  repo: https://github.com/boltdb/bolt
- name: github.com/couchbase/vellum
  version: 5eac730285e517e47cd8532a2f8b23df52993575
  subpackages:
  - regexp
  - utf8
- name: github.com/edsrzf/mmap-go
  version: 0bce6a6887123b67a60366d2c9fe2dfb74289d2e
- name: github.com/glycerine/go-unsnap-stream
  version: 9f0cb55181dd3a0a4c168d3dbc72d4aca4853126
- name: github.com/go-sql-driver/mysql
  version: a0583e0143b1624142adab07e0e97fe106d99561
- name: github.com/golang/protobuf
  version: 655cdfa588ea190e901bc5590e65d5621688847c
  repo: https://github.com/golang/protobuf
  subpackages:
  - proto
- name: github.com/golang/snappy
  version: cef980a12b316c5b7e5bb3a8e168eb43ae999a88
  repo: https://github.com/golang/snappy
- name: github.com/huichen/sego
  version: 1096a43cd61f719de8f053b37afda7ca7b8629fc
- name: github.com/mschoch/smat
  version: 90eadee771aeab36e8bf796039b8c261bebebe4f
- name: github.com/philhofer/fwd
  version: bb6d471dc95d4fe11e432687f8b70ff496cf3136
- name: github.com/RoaringBitmap/roaring
  version: eaced695fa1478e9cabe0667a44e449d17bbdf7f
- name: github.com/robfig/cron
  version: b024fc5ea0e34bc3f83d9941c8d60b0622bfaca4
- name: github.com/russross/blackfriday
  version: cadec560ec52d93835bf2f15bd794700d3a2473b
- name: github.com/shurcooL/sanitized_anchor_name
  version: 86672fcb3f950f35f2e675df2240550f2a50762f
- name: github.com/sluu99/uuid
  version: 1dd34a9ad6c0e8dec93107f9c7425ea5713f78e1
- name: github.com/Smerity/govarint
  version: 7265e41f48f15fd61751e16da866af3c704bb3ab
- name: github.com/steveyen/gtreap
  version: 0abe01ef9be25c4aedc174758ec2d917314d6d70
  repo: https://github.com/steveyen/gtreap
- name: github.com/tinylib/msgp
  version: 3b5c87ab5fb00c660bf85b888445d9a01db64db4
  subpackages:
  - msgp
- name: github.com/willf/bitset
  version: 2e6e8094ef4745224150c88c16191c7dceaad16f
  repo: https://github.com/willf/bitset
- name: github.com/xeonx/timeago
  version: 49df971d6c5d5b073f921e8c580fbb6a0bb629c1
- name: golang.org/x/net
  version: e45385e9b226f570b1f086bf287b25d3d4117776
  repo: https://go.googlesource.com/net
  subpackages:
  - context
- name: golang.org/x/sys
  version: 3b87a42e500a6dc65dae1a55d0b641295971163e
  subpackages:
  - unix
testImports: []
